
Microsoft Visual Studio Solution File, Format Version 12.00
# Visual Studio Version 16
VisualStudioVersion = 16.0.33801.447
MinimumVisualStudioVersion = 10.0.40219.1
Project("{FAE04EC0-301F-11D3-BF4B-00C04F79EFBC}") = "Test1", "Test1\Test1.csproj", "{4D9ED080-CED9-449D-A07E-51005C540120}"
EndProject
Project("{FAE04EC0-301F-11D3-BF4B-00C04F79EFBC}") = "Test1.Tests", "Test1.Tests\Test1.Tests.csproj", "{C96B40C7-FDEF-454B-A3A2-C30CBFDE2B8A}"
EndProject
Global
	GlobalSection(SolutionConfigurationPlatforms) = preSolution
		Debug|Any CPU = Debug|Any CPU
		Release|Any CPU = Release|Any CPU
	EndGlobalSection
	GlobalSection(ProjectConfigurationPlatforms) = postSolution
		{4D9ED080-CED9-449D-A07E-51005C540120}.Debug|Any CPU.ActiveCfg = Debug|Any CPU
		{4D9ED080-CED9-449D-A07E-51005C540120}.Debug|Any CPU.Build.0 = Debug|Any CPU
		{4D9ED080-CED9-449D-A07E-51005C540120}.Release|Any CPU.ActiveCfg = Release|Any CPU
		{4D9ED080-CED9-449D-A07E-51005C540120}.Release|Any CPU.Build.0 = Release|Any CPU
		{C96B40C7-FDEF-454B-A3A2-C30CBFDE2B8A}.Debug|Any CPU.ActiveCfg = Debug|Any CPU
		{C96B40C7-FDEF-454B-A3A2-C30CBFDE2B8A}.Debug|Any CPU.Build.0 = Debug|Any CPU
		{C96B40C7-FDEF-454B-A3A2-C30CBFDE2B8A}.Release|Any CPU.ActiveCfg = Release|Any CPU
		{C96B40C7-FDEF-454B-A3A2-C30CBFDE2B8A}.Release|Any CPU.Build.0 = Release|Any CPU
	EndGlobalSection
	GlobalSection(SolutionProperties) = preSolution
		HideSolutionNode = FALSE
	EndGlobalSection
	GlobalSection(ExtensibilityGlobals) = postSolution
		SolutionGuid = {5FC1D34D-3CBD-43A9-A8F2-090473DAB9E6}
	EndGlobalSection
EndGlobal
